
Microsoft Visual Studio Solution File, Format Version 12.00
# Visual Studio Version 16
VisualStudioVersion = 16.0.29709.97
MinimumVisualStudioVersion = 10.0.40219.1
Project("{FAE04EC0-301F-11D3-BF4B-00C04F79EFBC}") = "PrimerAppMovil.Android", "PrimerAppMovil\PrimerAppMovil.Android\PrimerAppMovil.Android.csproj", "{4065BAFA-1916-4307-8952-E1F42CAFC09B}"
EndProject
Project("{FAE04EC0-301F-11D3-BF4B-00C04F79EFBC}") = "PrimerAppMovil.iOS", "PrimerAppMovil\PrimerAppMovil.iOS\PrimerAppMovil.iOS.csproj", "{38F9998D-6C34-47DB-8242-BCCFDA1047A6}"
EndProject
Project("{FAE04EC0-301F-11D3-BF4B-00C04F79EFBC}") = "PrimerAppMovil", "PrimerAppMovil\PrimerAppMovil\PrimerAppMovil.csproj", "{D38AF210-A620-4683-AA09-DDB2D5E38F69}"
EndProject
Global
	GlobalSection(SolutionConfigurationPlatforms) = preSolution
		Debug|Any CPU = Debug|Any CPU
		Debug|iPhone = Debug|iPhone
		Debug|iPhoneSimulator = Debug|iPhoneSimulator
		Release|Any CPU = Release|Any CPU
		Release|iPhone = Release|iPhone
		Release|iPhoneSimulator = Release|iPhoneSimulator
	EndGlobalSection
	GlobalSection(ProjectConfigurationPlatforms) = postSolution
		{4065BAFA-1916-4307-8952-E1F42CAFC09B}.Debug|Any CPU.ActiveCfg = Debug|Any CPU
		{4065BAFA-1916-4307-8952-E1F42CAFC09B}.Debug|Any CPU.Build.0 = Debug|Any CPU
		{4065BAFA-1916-4307-8952-E1F42CAFC09B}.Debug|Any CPU.Deploy.0 = Debug|Any CPU
		{4065BAFA-1916-4307-8952-E1F42CAFC09B}.Debug|iPhone.ActiveCfg = Debug|Any CPU
		{4065BAFA-1916-4307-8952-E1F42CAFC09B}.Debug|iPhone.Build.0 = Debug|Any CPU
		{4065BAFA-1916-4307-8952-E1F42CAFC09B}.Debug|iPhone.Deploy.0 = Debug|Any CPU
		{4065BAFA-1916-4307-8952-E1F42CAFC09B}.Debug|iPhoneSimulator.ActiveCfg = Debug|Any CPU
		{4065BAFA-1916-4307-8952-E1F42CAFC09B}.Debug|iPhoneSimulator.Build.0 = Debug|Any CPU
		{4065BAFA-1916-4307-8952-E1F42CAFC09B}.Debug|iPhoneSimulator.Deploy.0 = Debug|Any CPU
		{4065BAFA-1916-4307-8952-E1F42CAFC09B}.Release|Any CPU.ActiveCfg = Release|Any CPU
		{4065BAFA-1916-4307-8952-E1F42CAFC09B}.Release|Any CPU.Build.0 = Release|Any CPU
		{4065BAFA-1916-4307-8952-E1F42CAFC09B}.Release|Any CPU.Deploy.0 = Release|Any CPU
		{4065BAFA-1916-4307-8952-E1F42CAFC09B}.Release|iPhone.ActiveCfg = Release|Any CPU
		{4065BAFA-1916-4307-8952-E1F42CAFC09B}.Release|iPhone.Build.0 = Release|Any CPU
		{4065BAFA-1916-4307-8952-E1F42CAFC09B}.Release|iPhone.Deploy.0 = Release|Any CPU
		{4065BAFA-1916-4307-8952-E1F42CAFC09B}.Release|iPhoneSimulator.ActiveCfg = Release|Any CPU
		{4065BAFA-1916-4307-8952-E1F42CAFC09B}.Release|iPhoneSimulator.Build.0 = Release|Any CPU
		{4065BAFA-1916-4307-8952-E1F42CAFC09B}.Release|iPhoneSimulator.Deploy.0 = Release|Any CPU
		{38F9998D-6C34-47DB-8242-BCCFDA1047A6}.Debug|Any CPU.ActiveCfg = Debug|iPhoneSimulator
		{38F9998D-6C34-47DB-8242-BCCFDA1047A6}.Debug|Any CPU.Build.0 = Debug|iPhoneSimulator
		{38F9998D-6C34-47DB-8242-BCCFDA1047A6}.Debug|Any CPU.Deploy.0 = Debug|iPhoneSimulator
		{38F9998D-6C34-47DB-8242-BCCFDA1047A6}.Debug|iPhone.ActiveCfg = Debug|iPhone
		{38F9998D-6C34-47DB-8242-BCCFDA1047A6}.Debug|iPhone.Build.0 = Debug|iPhone
		{38F9998D-6C34-47DB-8242-BCCFDA1047A6}.Debug|iPhone.Deploy.0 = Debug|iPhone
		{38F9998D-6C34-47DB-8242-BCCFDA1047A6}.Debug|iPhoneSimulator.ActiveCfg = Debug|iPhoneSimulator
		{38F9998D-6C34-47DB-8242-BCCFDA1047A6}.Debug|iPhoneSimulator.Build.0 = Debug|iPhoneSimulator
		{38F9998D-6C34-47DB-8242-BCCFDA1047A6}.Debug|iPhoneSimulator.Deploy.0 = Debug|iPhoneSimulator
		{38F9998D-6C34-47DB-8242-BCCFDA1047A6}.Release|Any CPU.ActiveCfg = Release|iPhone
		{38F9998D-6C34-47DB-8242-BCCFDA1047A6}.Release|Any CPU.Build.0 = Release|iPhone
		{38F9998D-6C34-47DB-8242-BCCFDA1047A6}.Release|Any CPU.Deploy.0 = Release|iPhone
		{38F9998D-6C34-47DB-8242-BCCFDA1047A6}.Release|iPhone.ActiveCfg = Release|iPhone
		{38F9998D-6C34-47DB-8242-BCCFDA1047A6}.Release|iPhone.Build.0 = Release|iPhone
		{38F9998D-6C34-47DB-8242-BCCFDA1047A6}.Release|iPhone.Deploy.0 = Release|iPhone
		{38F9998D-6C34-47DB-8242-BCCFDA1047A6}.Release|iPhoneSimulator.ActiveCfg = Release|iPhoneSimulator
		{38F9998D-6C34-47DB-8242-BCCFDA1047A6}.Release|iPhoneSimulator.Build.0 = Release|iPhoneSimulator
		{38F9998D-6C34-47DB-8242-BCCFDA1047A6}.Release|iPhoneSimulator.Deploy.0 = Release|iPhoneSimulator
		{D38AF210-A620-4683-AA09-DDB2D5E38F69}.Debug|Any CPU.ActiveCfg = Debug|Any CPU
		{D38AF210-A620-4683-AA09-DDB2D5E38F69}.Debug|Any CPU.Build.0 = Debug|Any CPU
		{D38AF210-A620-4683-AA09-DDB2D5E38F69}.Debug|Any CPU.Deploy.0 = Debug|Any CPU
		{D38AF210-A620-4683-AA09-DDB2D5E38F69}.Debug|iPhone.ActiveCfg = Debug|Any CPU
		{D38AF210-A620-4683-AA09-DDB2D5E38F69}.Debug|iPhone.Build.0 = Debug|Any CPU
		{D38AF210-A620-4683-AA09-DDB2D5E38F69}.Debug|iPhone.Deploy.0 = Debug|Any CPU
		{D38AF210-A620-4683-AA09-DDB2D5E38F69}.Debug|iPhoneSimulator.ActiveCfg = Debug|Any CPU
		{D38AF210-A620-4683-AA09-DDB2D5E38F69}.Debug|iPhoneSimulator.Build.0 = Debug|Any CPU
		{D38AF210-A620-4683-AA09-DDB2D5E38F69}.Debug|iPhoneSimulator.Deploy.0 = Debug|Any CPU
		{D38AF210-A620-4683-AA09-DDB2D5E38F69}.Release|Any CPU.ActiveCfg = Release|Any CPU
		{D38AF210-A620-4683-AA09-DDB2D5E38F69}.Release|Any CPU.Build.0 = Release|Any CPU
		{D38AF210-A620-4683-AA09-DDB2D5E38F69}.Release|Any CPU.Deploy.0 = Release|Any CPU
		{D38AF210-A620-4683-AA09-DDB2D5E38F69}.Release|iPhone.ActiveCfg = Release|Any CPU
		{D38AF210-A620-4683-AA09-DDB2D5E38F69}.Release|iPhone.Build.0 = Release|Any CPU
		{D38AF210-A620-4683-AA09-DDB2D5E38F69}.Release|iPhone.Deploy.0 = Release|Any CPU
		{D38AF210-A620-4683-AA09-DDB2D5E38F69}.Release|iPhoneSimulator.ActiveCfg = Release|Any CPU
		{D38AF210-A620-4683-AA09-DDB2D5E38F69}.Release|iPhoneSimulator.Build.0 = Release|Any CPU
		{D38AF210-A620-4683-AA09-DDB2D5E38F69}.Release|iPhoneSimulator.Deploy.0 = Release|Any CPU
	EndGlobalSection
	GlobalSection(SolutionProperties) = preSolution
		HideSolutionNode = FALSE
	EndGlobalSection
	GlobalSection(ExtensibilityGlobals) = postSolution
		SolutionGuid = {FDA70D27-B492-48A8-9FBD-C1ED89226036}
	EndGlobalSection
EndGlobal
